// !$*UTF8*$!
{
	archiveVersion = 1;
	classes = {
	};
	objectVersion = 46;
	objects = {

/* Begin PBXBuildFile section */
		232180971C6026910094A4C8 /* AppDelegate.swift in Sources */ = {isa = PBXBuildFile; fileRef = 232180961C6026910094A4C8 /* AppDelegate.swift */; };
		232180991C6026910094A4C8 /* ViewController.swift in Sources */ = {isa = PBXBuildFile; fileRef = 232180981C6026910094A4C8 /* ViewController.swift */; };
		2321809C1C6026910094A4C8 /* Main.storyboard in Resources */ = {isa = PBXBuildFile; fileRef = 2321809A1C6026910094A4C8 /* Main.storyboard */; };
		2321809E1C6026910094A4C8 /* Assets.xcassets in Resources */ = {isa = PBXBuildFile; fileRef = 2321809D1C6026910094A4C8 /* Assets.xcassets */; };
		232180A11C6026910094A4C8 /* LaunchScreen.storyboard in Resources */ = {isa = PBXBuildFile; fileRef = 2321809F1C6026910094A4C8 /* LaunchScreen.storyboard */; };
		232180AC1C6026910094A4C8 /* ClinicListTests.swift in Sources */ = {isa = PBXBuildFile; fileRef = 232180AB1C6026910094A4C8 /* ClinicListTests.swift */; };
		232180B71C6026910094A4C8 /* ClinicListUITests.swift in Sources */ = {isa = PBXBuildFile; fileRef = 232180B61C6026910094A4C8 /* ClinicListUITests.swift */; };
		232180C61C6026FE0094A4C8 /* clinicList.json in Resources */ = {isa = PBXBuildFile; fileRef = 232180C51C6026FE0094A4C8 /* clinicList.json */; };
		232180C81C602E9B0094A4C8 /* ClinicList.swift in Sources */ = {isa = PBXBuildFile; fileRef = 232180C71C602E9B0094A4C8 /* ClinicList.swift */; };
		232180CA1C60679A0094A4C8 /* clinicsOverviewCell.swift in Sources */ = {isa = PBXBuildFile; fileRef = 232180C91C60679A0094A4C8 /* clinicsOverviewCell.swift */; };
		232180CC1C6077C20094A4C8 /* ClinicDetailsViewController.swift in Sources */ = {isa = PBXBuildFile; fileRef = 232180CB1C6077C20094A4C8 /* ClinicDetailsViewController.swift */; };
		236D8AD91C61292100B35CB9 /* keychain.swift in Sources */ = {isa = PBXBuildFile; fileRef = 236D8AD81C61292100B35CB9 /* keychain.swift */; };
/* End PBXBuildFile section */

/* Begin PBXContainerItemProxy section */
		232180A81C6026910094A4C8 /* PBXContainerItemProxy */ = {
			isa = PBXContainerItemProxy;
			containerPortal = 2321808B1C6026910094A4C8 /* Project object */;
			proxyType = 1;
			remoteGlobalIDString = 232180921C6026910094A4C8;
			remoteInfo = ClinicList;
		};
		232180B31C6026910094A4C8 /* PBXContainerItemProxy */ = {
			isa = PBXContainerItemProxy;
			containerPortal = 2321808B1C6026910094A4C8 /* Project object */;
			proxyType = 1;
			remoteGlobalIDString = 232180921C6026910094A4C8;
			remoteInfo = ClinicList;
		};
/* End PBXContainerItemProxy section */

/* Begin PBXFileReference section */
		232180931C6026910094A4C8 /* ClinicList.app */ = {isa = PBXFileReference; explicitFileType = wrapper.application; includeInIndex = 0; path = ClinicList.app; sourceTree = BUILT_PRODUCTS_DIR; };
		232180961C6026910094A4C8 /* AppDelegate.swift */ = {isa = PBXFileReference; lastKnownFileType = sourcecode.swift; path = AppDelegate.swift; sourceTree = "<group>"; };
		232180981C6026910094A4C8 /* ViewController.swift */ = {isa = PBXFileReference; lastKnownFileType = sourcecode.swift; path = ViewController.swift; sourceTree = "<group>"; };
		2321809B1C6026910094A4C8 /* Base */ = {isa = PBXFileReference; lastKnownFileType = file.storyboard; name = Base; path = Base.lproj/Main.storyboard; sourceTree = "<group>"; };
		2321809D1C6026910094A4C8 /* Assets.xcassets */ = {isa = PBXFileReference; lastKnownFileType = folder.assetcatalog; path = Assets.xcassets; sourceTree = "<group>"; };
		232180A01C6026910094A4C8 /* Base */ = {isa = PBXFileReference; lastKnownFileType = file.storyboard; name = Base; path = Base.lproj/LaunchScreen.storyboard; sourceTree = "<group>"; };
		232180A21C6026910094A4C8 /* Info.plist */ = {isa = PBXFileReference; lastKnownFileType = text.plist.xml; path = Info.plist; sourceTree = "<group>"; };
		232180A71C6026910094A4C8 /* ClinicListTests.xctest */ = {isa = PBXFileReference; explicitFileType = wrapper.cfbundle; includeInIndex = 0; path = ClinicListTests.xctest; sourceTree = BUILT_PRODUCTS_DIR; };
		232180AB1C6026910094A4C8 /* ClinicListTests.swift */ = {isa = PBXFileReference; lastKnownFileType = sourcecode.swift; path = ClinicListTests.swift; sourceTree = "<group>"; };
		232180AD1C6026910094A4C8 /* Info.plist */ = {isa = PBXFileReference; lastKnownFileType = text.plist.xml; path = Info.plist; sourceTree = "<group>"; };
		232180B21C6026910094A4C8 /* ClinicListUITests.xctest */ = {isa = PBXFileReference; explicitFileType = wrapper.cfbundle; includeInIndex = 0; path = ClinicListUITests.xctest; sourceTree = BUILT_PRODUCTS_DIR; };
		232180B61C6026910094A4C8 /* ClinicListUITests.swift */ = {isa = PBXFileReference; lastKnownFileType = sourcecode.swift; path = ClinicListUITests.swift; sourceTree = "<group>"; };
		232180B81C6026910094A4C8 /* Info.plist */ = {isa = PBXFileReference; lastKnownFileType = text.plist.xml; path = Info.plist; sourceTree = "<group>"; };
		232180C51C6026FE0094A4C8 /* clinicList.json */ = {isa = PBXFileReference; fileEncoding = 4; lastKnownFileType = text.json; path = clinicList.json; sourceTree = "<group>"; };
		232180C71C602E9B0094A4C8 /* ClinicList.swift */ = {isa = PBXFileReference; fileEncoding = 4; lastKnownFileType = sourcecode.swift; path = ClinicList.swift; sourceTree = "<group>"; };
		232180C91C60679A0094A4C8 /* clinicsOverviewCell.swift */ = {isa = PBXFileReference; fileEncoding = 4; lastKnownFileType = sourcecode.swift; path = clinicsOverviewCell.swift; sourceTree = "<group>"; };
		232180CB1C6077C20094A4C8 /* ClinicDetailsViewController.swift */ = {isa = PBXFileReference; fileEncoding = 4; lastKnownFileType = sourcecode.swift; path = ClinicDetailsViewController.swift; sourceTree = "<group>"; };
		236D8AD81C61292100B35CB9 /* keychain.swift */ = {isa = PBXFileReference; fileEncoding = 4; lastKnownFileType = sourcecode.swift; path = keychain.swift; sourceTree = "<group>"; };
/* End PBXFileReference section */

/* Begin PBXFrameworksBuildPhase section */
		232180901C6026910094A4C8 /* Frameworks */ = {
			isa = PBXFrameworksBuildPhase;
			buildActionMask = 2147483647;
			files = (
			);
			runOnlyForDeploymentPostprocessing = 0;
		};
		232180A41C6026910094A4C8 /* Frameworks */ = {
			isa = PBXFrameworksBuildPhase;
			buildActionMask = 2147483647;
			files = (
			);
			runOnlyForDeploymentPostprocessing = 0;
		};
		232180AF1C6026910094A4C8 /* Frameworks */ = {
			isa = PBXFrameworksBuildPhase;
			buildActionMask = 2147483647;
			files = (
			);
			runOnlyForDeploymentPostprocessing = 0;
		};
/* End PBXFrameworksBuildPhase section */

/* Begin PBXGroup section */
		2321808A1C6026910094A4C8 = {
			isa = PBXGroup;
			children = (
				232180951C6026910094A4C8 /* ClinicList */,
				232180AA1C6026910094A4C8 /* ClinicListTests */,
				232180B51C6026910094A4C8 /* ClinicListUITests */,
				232180941C6026910094A4C8 /* Products */,
			);
			sourceTree = "<group>";
		};
		232180941C6026910094A4C8 /* Products */ = {
			isa = PBXGroup;
			children = (
				232180931C6026910094A4C8 /* ClinicList.app */,
				232180A71C6026910094A4C8 /* ClinicListTests.xctest */,
				232180B21C6026910094A4C8 /* ClinicListUITests.xctest */,
			);
			name = Products;
			sourceTree = "<group>";
		};
		232180951C6026910094A4C8 /* ClinicList */ = {
			isa = PBXGroup;
			children = (
				232180C41C6026E10094A4C8 /* Data */,
				232180961C6026910094A4C8 /* AppDelegate.swift */,
				232180981C6026910094A4C8 /* ViewController.swift */,
				236D8AD81C61292100B35CB9 /* keychain.swift */,
				2321809A1C6026910094A4C8 /* Main.storyboard */,
				232180CB1C6077C20094A4C8 /* ClinicDetailsViewController.swift */,
				232180C91C60679A0094A4C8 /* clinicsOverviewCell.swift */,
				232180C71C602E9B0094A4C8 /* ClinicList.swift */,
				2321809D1C6026910094A4C8 /* Assets.xcassets */,
				2321809F1C6026910094A4C8 /* LaunchScreen.storyboard */,
				232180A21C6026910094A4C8 /* Info.plist */,
			);
			path = ClinicList;
			sourceTree = "<group>";
		};
		232180AA1C6026910094A4C8 /* ClinicListTests */ = {
			isa = PBXGroup;
			children = (
				232180AB1C6026910094A4C8 /* ClinicListTests.swift */,
				232180AD1C6026910094A4C8 /* Info.plist */,
			);
			path = ClinicListTests;
			sourceTree = "<group>";
		};
		232180B51C6026910094A4C8 /* ClinicListUITests */ = {
			isa = PBXGroup;
			children = (
				232180B61C6026910094A4C8 /* ClinicListUITests.swift */,
				232180B81C6026910094A4C8 /* Info.plist */,
			);
			path = ClinicListUITests;
			sourceTree = "<group>";
		};
		232180C41C6026E10094A4C8 /* Data */ = {
			isa = PBXGroup;
			children = (
				232180C51C6026FE0094A4C8 /* clinicList.json */,
			);
			name = Data;
			sourceTree = "<group>";
		};
/* End PBXGroup section */

/* Begin PBXNativeTarget section */
		232180921C6026910094A4C8 /* ClinicList */ = {
			isa = PBXNativeTarget;
			buildConfigurationList = 232180BB1C6026910094A4C8 /* Build configuration list for PBXNativeTarget "ClinicList" */;
			buildPhases = (
				2321808F1C6026910094A4C8 /* Sources */,
				232180901C6026910094A4C8 /* Frameworks */,
				232180911C6026910094A4C8 /* Resources */,
			);
			buildRules = (
			);
			dependencies = (
			);
			name = ClinicList;
			productName = ClinicList;
			productReference = 232180931C6026910094A4C8 /* ClinicList.app */;
			productType = "com.apple.product-type.application";
		};
		232180A61C6026910094A4C8 /* ClinicListTests */ = {
			isa = PBXNativeTarget;
			buildConfigurationList = 232180BE1C6026910094A4C8 /* Build configuration list for PBXNativeTarget "ClinicListTests" */;
			buildPhases = (
				232180A31C6026910094A4C8 /* Sources */,
				232180A41C6026910094A4C8 /* Frameworks */,
				232180A51C6026910094A4C8 /* Resources */,
			);
			buildRules = (
			);
			dependencies = (
				232180A91C6026910094A4C8 /* PBXTargetDependency */,
			);
			name = ClinicListTests;
			productName = ClinicListTests;
			productReference = 232180A71C6026910094A4C8 /* ClinicListTests.xctest */;
			productType = "com.apple.product-type.bundle.unit-test";
		};
		232180B11C6026910094A4C8 /* ClinicListUITests */ = {
			isa = PBXNativeTarget;
			buildConfigurationList = 232180C11C6026910094A4C8 /* Build configuration list for PBXNativeTarget "ClinicListUITests" */;
			buildPhases = (
				232180AE1C6026910094A4C8 /* Sources */,
				232180AF1C6026910094A4C8 /* Frameworks */,
				232180B01C6026910094A4C8 /* Resources */,
			);
			buildRules = (
			);
			dependencies = (
				232180B41C6026910094A4C8 /* PBXTargetDependency */,
			);
			name = ClinicListUITests;
			productName = ClinicListUITests;
			productReference = 232180B21C6026910094A4C8 /* ClinicListUITests.xctest */;
			productType = "com.apple.product-type.bundle.ui-testing";
		};
/* End PBXNativeTarget section */

/* Begin PBXProject section */
		2321808B1C6026910094A4C8 /* Project object */ = {
			isa = PBXProject;
			attributes = {
				LastSwiftUpdateCheck = 0720;
				LastUpgradeCheck = 0720;
				ORGANIZATIONNAME = "Radha Natesan";
				TargetAttributes = {
					232180921C6026910094A4C8 = {
						CreatedOnToolsVersion = 7.2;
					};
					232180A61C6026910094A4C8 = {
						CreatedOnToolsVersion = 7.2;
						TestTargetID = 232180921C6026910094A4C8;
					};
					232180B11C6026910094A4C8 = {
						CreatedOnToolsVersion = 7.2;
						TestTargetID = 232180921C6026910094A4C8;
					};
				};
			};
			buildConfigurationList = 2321808E1C6026910094A4C8 /* Build configuration list for PBXProject "ClinicList" */;
			compatibilityVersion = "Xcode 3.2";
			developmentRegion = English;
			hasScannedForEncodings = 0;
			knownRegions = (
				en,
				Base,
			);
			mainGroup = 2321808A1C6026910094A4C8;
			productRefGroup = 232180941C6026910094A4C8 /* Products */;
			projectDirPath = "";
			projectRoot = "";
			targets = (
				232180921C6026910094A4C8 /* ClinicList */,
				232180A61C6026910094A4C8 /* ClinicListTests */,
				232180B11C6026910094A4C8 /* ClinicListUITests */,
			);
		};
/* End PBXProject section */

/* Begin PBXResourcesBuildPhase section */
		232180911C6026910094A4C8 /* Resources */ = {
			isa = PBXResourcesBuildPhase;
			buildActionMask = 2147483647;
			files = (
				232180A11C6026910094A4C8 /* LaunchScreen.storyboard in Resources */,
				232180C61C6026FE0094A4C8 /* clinicList.json in Resources */,
				2321809E1C6026910094A4C8 /* Assets.xcassets in Resources */,
				2321809C1C6026910094A4C8 /* Main.storyboard in Resources */,
			);
			runOnlyForDeploymentPostprocessing = 0;
		};
		232180A51C6026910094A4C8 /* Resources */ = {
			isa = PBXResourcesBuildPhase;
			buildActionMask = 2147483647;
			files = (
			);
			runOnlyForDeploymentPostprocessing = 0;
		};
		232180B01C6026910094A4C8 /* Resources */ = {
			isa = PBXResourcesBuildPhase;
			buildActionMask = 2147483647;
			files = (
			);
			runOnlyForDeploymentPostprocessing = 0;
		};
/* End PBXResourcesBuildPhase section */

/* Begin PBXSourcesBuildPhase section */
		2321808F1C6026910094A4C8 /* Sources */ = {
			isa = PBXSourcesBuildPhase;
			buildActionMask = 2147483647;
			files = (
				232180CA1C60679A0094A4C8 /* clinicsOverviewCell.swift in Sources */,
				236D8AD91C61292100B35CB9 /* keychain.swift in Sources */,
				232180991C6026910094A4C8 /* ViewController.swift in Sources */,
				232180CC1C6077C20094A4C8 /* ClinicDetailsViewController.swift in Sources */,
				232180971C6026910094A4C8 /* AppDelegate.swift in Sources */,
				232180C81C602E9B0094A4C8 /* ClinicList.swift in Sources */,
			);
			runOnlyForDeploymentPostprocessing = 0;
		};
		232180A31C6026910094A4C8 /* Sources */ = {
			isa = PBXSourcesBuildPhase;
			buildActionMask = 2147483647;
			files = (
				232180AC1C6026910094A4C8 /* ClinicListTests.swift in Sources */,
			);
			runOnlyForDeploymentPostprocessing = 0;
		};
		232180AE1C6026910094A4C8 /* Sources */ = {
			isa = PBXSourcesBuildPhase;
			buildActionMask = 2147483647;
			files = (
				232180B71C6026910094A4C8 /* ClinicListUITests.swift in Sources */,
			);
			runOnlyForDeploymentPostprocessing = 0;
		};
/* End PBXSourcesBuildPhase section */

/* Begin PBXTargetDependency section */
		232180A91C6026910094A4C8 /* PBXTargetDependency */ = {
			isa = PBXTargetDependency;
			target = 232180921C6026910094A4C8 /* ClinicList */;
			targetProxy = 232180A81C6026910094A4C8 /* PBXContainerItemProxy */;
		};
		232180B41C6026910094A4C8 /* PBXTargetDependency */ = {
			isa = PBXTargetDependency;
			target = 232180921C6026910094A4C8 /* ClinicList */;
			targetProxy = 232180B31C6026910094A4C8 /* PBXContainerItemProxy */;
		};
/* End PBXTargetDependency section */

/* Begin PBXVariantGroup section */
		2321809A1C6026910094A4C8 /* Main.storyboard */ = {
			isa = PBXVariantGroup;
			children = (
				2321809B1C6026910094A4C8 /* Base */,
			);
			name = Main.storyboard;
			sourceTree = "<group>";
		};
		2321809F1C6026910094A4C8 /* LaunchScreen.storyboard */ = {
			isa = PBXVariantGroup;
			children = (
				232180A01C6026910094A4C8 /* Base */,
			);
			name = LaunchScreen.storyboard;
			sourceTree = "<group>";
		};
/* End PBXVariantGroup section */

/* Begin XCBuildConfiguration section */
		232180B91C6026910094A4C8 /* Debug */ = {
			isa = XCBuildConfiguration;
			buildSettings = {
				ALWAYS_SEARCH_USER_PATHS = NO;
				CLANG_CXX_LANGUAGE_STANDARD = "gnu++0x";
				CLANG_CXX_LIBRARY = "libc++";
				CLANG_ENABLE_MODULES = YES;
				CLANG_ENABLE_OBJC_ARC = YES;
				CLANG_WARN_BOOL_CONVERSION = YES;
				CLANG_WARN_CONSTANT_CONVERSION = YES;
				CLANG_WARN_DIRECT_OBJC_ISA_USAGE = YES_ERROR;
				CLANG_WARN_EMPTY_BODY = YES;
				CLANG_WARN_ENUM_CONVERSION = YES;
				CLANG_WARN_INT_CONVERSION = YES;
				CLANG_WARN_OBJC_ROOT_CLASS = YES_ERROR;
				CLANG_WARN_UNREACHABLE_CODE = YES;
				CLANG_WARN__DUPLICATE_METHOD_MATCH = YES;
				"CODE_SIGN_IDENTITY[sdk=iphoneos*]" = "iPhone Developer";
				COPY_PHASE_STRIP = NO;
				DEBUG_INFORMATION_FORMAT = dwarf;
				ENABLE_STRICT_OBJC_MSGSEND = YES;
				ENABLE_TESTABILITY = YES;
				GCC_C_LANGUAGE_STANDARD = gnu99;
				GCC_DYNAMIC_NO_PIC = NO;
				GCC_NO_COMMON_BLOCKS = YES;
				GCC_OPTIMIZATION_LEVEL = 0;
				GCC_PREPROCESSOR_DEFINITIONS = (
					"DEBUG=1",
					"$(inherited)",
				);
				GCC_WARN_64_TO_32_BIT_CONVERSION = YES;
				GCC_WARN_ABOUT_RETURN_TYPE = YES_ERROR;
				GCC_WARN_UNDECLARED_SELECTOR = YES;
				GCC_WARN_UNINITIALIZED_AUTOS = YES_AGGRESSIVE;
				GCC_WARN_UNUSED_FUNCTION = YES;
				GCC_WARN_UNUSED_VARIABLE = YES;
				IPHONEOS_DEPLOYMENT_TARGET = 9.2;
				MTL_ENABLE_DEBUG_INFO = YES;
				ONLY_ACTIVE_ARCH = YES;
				SDKROOT = iphoneos;
				SWIFT_OPTIMIZATION_LEVEL = "-Onone";
			};
			name = Debug;
		};
		232180BA1C6026910094A4C8 /* Release */ = {
			isa = XCBuildConfiguration;
			buildSettings = {
				ALWAYS_SEARCH_USER_PATHS = NO;
				CLANG_CXX_LANGUAGE_STANDARD = "gnu++0x";
				CLANG_CXX_LIBRARY = "libc++";
				CLANG_ENABLE_MODULES = YES;
				CLANG_ENABLE_OBJC_ARC = YES;
				CLANG_WARN_BOOL_CONVERSION = YES;
				CLANG_WARN_CONSTANT_CONVERSION = YES;
				CLANG_WARN_DIRECT_OBJC_ISA_USAGE = YES_ERROR;
				CLANG_WARN_EMPTY_BODY = YES;
				CLANG_WARN_ENUM_CONVERSION = YES;
				CLANG_WARN_INT_CONVERSION = YES;
				CLANG_WARN_OBJC_ROOT_CLASS = YES_ERROR;
				CLANG_WARN_UNREACHABLE_CODE = YES;
				CLANG_WARN__DUPLICATE_METHOD_MATCH = YES;
				"CODE_SIGN_IDENTITY[sdk=iphoneos*]" = "iPhone Developer";
				COPY_PHASE_STRIP = NO;
				DEBUG_INFORMATION_FORMAT = "dwarf-with-dsym";
				ENABLE_NS_ASSERTIONS = NO;
				ENABLE_STRICT_OBJC_MSGSEND = YES;
				GCC_C_LANGUAGE_STANDARD = gnu99;
				GCC_NO_COMMON_BLOCKS = YES;
				GCC_WARN_64_TO_32_BIT_CONVERSION = YES;
				GCC_WARN_ABOUT_RETURN_TYPE = YES_ERROR;
				GCC_WARN_UNDECLARED_SELECTOR = YES;
				GCC_WARN_UNINITIALIZED_AUTOS = YES_AGGRESSIVE;
				GCC_WARN_UNUSED_FUNCTION = YES;
				GCC_WARN_UNUSED_VARIABLE = YES;
				IPHONEOS_DEPLOYMENT_TARGET = 9.2;
				MTL_ENABLE_DEBUG_INFO = NO;
				SDKROOT = iphoneos;
				VALIDATE_PRODUCT = YES;
			};
			name = Release;
		};
		232180BC1C6026910094A4C8 /* Debug */ = {
			isa = XCBuildConfiguration;
			buildSettings = {
				ASSETCATALOG_COMPILER_APPICON_NAME = AppIcon;
				INFOPLIST_FILE = ClinicList/Info.plist;
				LD_RUNPATH_SEARCH_PATHS = "$(inherited) @executable_path/Frameworks";
				PRODUCT_BUNDLE_IDENTIFIER = RN.ClinicList;
				PRODUCT_NAME = "$(TARGET_NAME)";
			};
			name = Debug;
		};
		232180BD1C6026910094A4C8 /* Release */ = {
			isa = XCBuildConfiguration;
			buildSettings = {
				ASSETCATALOG_COMPILER_APPICON_NAME = AppIcon;
				INFOPLIST_FILE = ClinicList/Info.plist;
				LD_RUNPATH_SEARCH_PATHS = "$(inherited) @executable_path/Frameworks";
				PRODUCT_BUNDLE_IDENTIFIER = RN.ClinicList;
				PRODUCT_NAME = "$(TARGET_NAME)";
			};
			name = Release;
		};
		232180BF1C6026910094A4C8 /* Debug */ = {
			isa = XCBuildConfiguration;
			buildSettings = {
				BUNDLE_LOADER = "$(TEST_HOST)";
				INFOPLIST_FILE = ClinicListTests/Info.plist;
				LD_RUNPATH_SEARCH_PATHS = "$(inherited) @executable_path/Frameworks @loader_path/Frameworks";
				PRODUCT_BUNDLE_IDENTIFIER = RN.ClinicListTests;
				PRODUCT_NAME = "$(TARGET_NAME)";
				TEST_HOST = "$(BUILT_PRODUCTS_DIR)/ClinicList.app/ClinicList";
			};
			name = Debug;
		};
		232180C01C6026910094A4C8 /* Release */ = {
			isa = XCBuildConfiguration;
			buildSettings = {
				BUNDLE_LOADER = "$(TEST_HOST)";
				INFOPLIST_FILE = ClinicListTests/Info.plist;
				LD_RUNPATH_SEARCH_PATHS = "$(inherited) @executable_path/Frameworks @loader_path/Frameworks";
				PRODUCT_BUNDLE_IDENTIFIER = RN.ClinicListTests;
				PRODUCT_NAME = "$(TARGET_NAME)";
				TEST_HOST = "$(BUILT_PRODUCTS_DIR)/ClinicList.app/ClinicList";
			};
			name = Release;
		};
		232180C21C6026910094A4C8 /* Debug */ = {
			isa = XCBuildConfiguration;
			buildSettings = {
				INFOPLIST_FILE = ClinicListUITests/Info.plist;
				LD_RUNPATH_SEARCH_PATHS = "$(inherited) @executable_path/Frameworks @loader_path/Frameworks";
				PRODUCT_BUNDLE_IDENTIFIER = RN.ClinicListUITests;
				PRODUCT_NAME = "$(TARGET_NAME)";
				TEST_TARGET_NAME = ClinicList;
				USES_XCTRUNNER = YES;
			};
			name = Debug;
		};
		232180C31C6026910094A4C8 /* Release */ = {
			isa = XCBuildConfiguration;
			buildSettings = {
				INFOPLIST_FILE = ClinicListUITests/Info.plist;
				LD_RUNPATH_SEARCH_PATHS = "$(inherited) @executable_path/Frameworks @loader_path/Frameworks";
				PRODUCT_BUNDLE_IDENTIFIER = RN.ClinicListUITests;
				PRODUCT_NAME = "$(TARGET_NAME)";
				TEST_TARGET_NAME = ClinicList;
				USES_XCTRUNNER = YES;
			};
			name = Release;
		};
/* End XCBuildConfiguration section */

/* Begin XCConfigurationList section */
		2321808E1C6026910094A4C8 /* Build configuration list for PBXProject "ClinicList" */ = {
			isa = XCConfigurationList;
			buildConfigurations = (
				232180B91C6026910094A4C8 /* Debug */,
				232180BA1C6026910094A4C8 /* Release */,
			);
			defaultConfigurationIsVisible = 0;
			defaultConfigurationName = Release;
		};
		232180BB1C6026910094A4C8 /* Build configuration list for PBXNativeTarget "ClinicList" */ = {
			isa = XCConfigurationList;
			buildConfigurations = (
				232180BC1C6026910094A4C8 /* Debug */,
				232180BD1C6026910094A4C8 /* Release */,
			);
			defaultConfigurationIsVisible = 0;
			defaultConfigurationName = Release;
		};
		232180BE1C6026910094A4C8 /* Build configuration list for PBXNativeTarget "ClinicListTests" */ = {
			isa = XCConfigurationList;
			buildConfigurations = (
				232180BF1C6026910094A4C8 /* Debug */,
				232180C01C6026910094A4C8 /* Release */,
			);
			defaultConfigurationIsVisible = 0;
			defaultConfigurationName = Release;
		};
		232180C11C6026910094A4C8 /* Build configuration list for PBXNativeTarget "ClinicListUITests" */ = {
			isa = XCConfigurationList;
			buildConfigurations = (
				232180C21C6026910094A4C8 /* Debug */,
				232180C31C6026910094A4C8 /* Release */,
			);
			defaultConfigurationIsVisible = 0;
			defaultConfigurationName = Release;
		};
/* End XCConfigurationList section */
	};
	rootObject = 2321808B1C6026910094A4C8 /* Project object */;
}
